
Microsoft Visual Studio Solution File, Format Version 12.00
# Visual Studio 15
VisualStudioVersion = 15.0.28010.2016
MinimumVisualStudioVersion = 10.0.40219.1
Project("{FAE04EC0-301F-11D3-BF4B-00C04F79EFBC}") = "UnitTestsAlg", "UnitTestsAlg\UnitTestsAlg.csproj", "{94D04B2D-0C2C-451F-B4C3-635245DBF7CC}"
EndProject
Global
	GlobalSection(SolutionConfigurationPlatforms) = preSolution
		Debug|Any CPU = Debug|Any CPU
		Release|Any CPU = Release|Any CPU
	EndGlobalSection
	GlobalSection(ProjectConfigurationPlatforms) = postSolution
		{94D04B2D-0C2C-451F-B4C3-635245DBF7CC}.Debug|Any CPU.ActiveCfg = Debug|Any CPU
		{94D04B2D-0C2C-451F-B4C3-635245DBF7CC}.Debug|Any CPU.Build.0 = Debug|Any CPU
		{94D04B2D-0C2C-451F-B4C3-635245DBF7CC}.Release|Any CPU.ActiveCfg = Release|Any CPU
		{94D04B2D-0C2C-451F-B4C3-635245DBF7CC}.Release|Any CPU.Build.0 = Release|Any CPU
	EndGlobalSection
	GlobalSection(SolutionProperties) = preSolution
		HideSolutionNode = FALSE
	EndGlobalSection
	GlobalSection(ExtensibilityGlobals) = postSolution
		SolutionGuid = {7D7254C6-E53C-458F-B755-8798E1BFC4D6}
	EndGlobalSection
EndGlobal
